PODS:
  - MMPersianDatePicker (0.1.0)

DEPENDENCIES:
  - MMPersianDatePicker (from `../`)

EXTERNAL SOURCES:
  MMPersianDatePicker:
    :path: ../

SPEC CHECKSUMS:
  MMPersianDatePicker: ddc5bb1811338a20a385a52122350ff7ba1a5fb1

PODFILE CHECKSUM: ef9c2a84867cba4b23b5101dd81e944324e2fa45

COCOAPODS: 1.3.1
